// !$*UTF8*$!
{
	archiveVersion = 1;
	classes = {
	};
	objectVersion = 56;
	objects = {

/* Begin PBXBuildFile section */
		B5A3E9392DE0754C0035FC5A /* Supabase in Frameworks */ = {isa = PBXBuildFile; productRef = B5A3E9382DE0754C0035FC5A /* Supabase */; };
		B5A3E93B2DE09B950035FC5A /* BottomTabBar.swift in Sources */ = {isa = PBXBuildFile; fileRef = B5A3E93A2DE09B950035FC5A /* BottomTabBar.swift */; };
		B5A3E93D2DE09E2A0035FC5A /* CustomTextField.swift in Sources */ = {isa = PBXBuildFile; fileRef = B5A3E93C2DE09E2A0035FC5A /* CustomTextField.swift */; };
		B5A3E9402DE0A30B0035FC5A /* IncomeIndex.swift in Sources */ = {isa = PBXBuildFile; fileRef = B5A3E93F2DE0A30B0035FC5A /* IncomeIndex.swift */; };
		B5A3E9422DE0A9C20035FC5A /* AddIncomeBucket.swift in Sources */ = {isa = PBXBuildFile; fileRef = B5A3E9412DE0A9C20035FC5A /* AddIncomeBucket.swift */; };
		B5A8880D2DD6D7E600A2B5C8 /* ArcModel.swift in Sources */ = {isa = PBXBuildFile; fileRef = B5A8880C2DD6D7E600A2B5C8 /* ArcModel.swift */; };
		B5A8880F2DD6DA5600A2B5C8 /* BudgetRow.swift in Sources */ = {isa = PBXBuildFile; fileRef = B5A8880E2DD6DA5600A2B5C8 /* BudgetRow.swift */; };
		B5A888122DD6DC2D00A2B5C8 /* CalendarView.swift in Sources */ = {isa = PBXBuildFile; fileRef = B5A888112DD6DC2D00A2B5C8 /* CalendarView.swift */; };
		B5A888142DD6DC6300A2B5C8 /* WeekStore.swift in Sources */ = {isa = PBXBuildFile; fileRef = B5A888132DD6DC6300A2B5C8 /* WeekStore.swift */; };
		B5A8881A2DD6DDCE00A2B5C8 /* TimeDirection.swift in Sources */ = {isa = PBXBuildFile; fileRef = B5A888192DD6DDCE00A2B5C8 /* TimeDirection.swift */; };
		B5A888202DD6E12200A2B5C8 /* WeekHeaderView.swift in Sources */ = {isa = PBXBuildFile; fileRef = B5A8881F2DD6E12200A2B5C8 /* WeekHeaderView.swift */; };
		B5A888222DD6E29500A2B5C8 /* WeekView.swift in Sources */ = {isa = PBXBuildFile; fileRef = B5A888212DD6E29500A2B5C8 /* WeekView.swift */; };
		B5A888242DD6E42600A2B5C8 /* WeeksTabView.swift in Sources */ = {isa = PBXBuildFile; fileRef = B5A888232DD6E42600A2B5C8 /* WeeksTabView.swift */; };
		B5A888262DD6E44D00A2B5C8 /* InfiniteWeekView.swift in Sources */ = {isa = PBXBuildFile; fileRef = B5A888252DD6E44D00A2B5C8 /* InfiniteWeekView.swift */; };
		B5A888292DD6E47800A2B5C8 /* CardStack.swift in Sources */ = {isa = PBXBuildFile; fileRef = B5A888282DD6E47800A2B5C8 /* CardStack.swift */; };
		B5A8882C2DD6E49C00A2B5C8 /* Week.swift in Sources */ = {isa = PBXBuildFile; fileRef = B5A8882B2DD6E49C00A2B5C8 /* Week.swift */; };
		B5A8882F2DD6E4E800A2B5C8 /* Color+Extension.swift in Sources */ = {isa = PBXBuildFile; fileRef = B5A8882E2DD6E4E800A2B5C8 /* Color+Extension.swift */; };
		B5A888312DD6E51C00A2B5C8 /* Date+Extension.swift in Sources */ = {isa = PBXBuildFile; fileRef = B5A888302DD6E51C00A2B5C8 /* Date+Extension.swift */; };
		B5A888332DD6E67A00A2B5C8 /* View+Extension.swift in Sources */ = {isa = PBXBuildFile; fileRef = B5A888322DD6E67A00A2B5C8 /* View+Extension.swift */; };
		B5A888362DD6E6BE00A2B5C8 /* CornerRadiusShape.swift in Sources */ = {isa = PBXBuildFile; fileRef = B5A888352DD6E6BE00A2B5C8 /* CornerRadiusShape.swift */; };
		B5A888392DD6E71000A2B5C8 /* CornerRadiusStyle.swift in Sources */ = {isa = PBXBuildFile; fileRef = B5A888382DD6E71000A2B5C8 /* CornerRadiusStyle.swift */; };
		B5A8883B2DD6E92700A2B5C8 /* CreditCardModel.swift in Sources */ = {isa = PBXBuildFile; fileRef = B5A8883A2DD6E92700A2B5C8 /* CreditCardModel.swift */; };
		B5A8883D2DD6EBEE00A2B5C8 /* SubscriptionCell.swift in Sources */ = {isa = PBXBuildFile; fileRef = B5A8883C2DD6EBEE00A2B5C8 /* SubscriptionCell.swift */; };
		B5A888422DD726E200A2B5C8 /* CardsView.swift in Sources */ = {isa = PBXBuildFile; fileRef = B5A888412DD726E200A2B5C8 /* CardsView.swift */; };
		B5A888452DD72FC000A2B5C8 /* SettingsView.swift in Sources */ = {isa = PBXBuildFile; fileRef = B5A888442DD72FC000A2B5C8 /* SettingsView.swift */; };
		B5A888472DD730F700A2B5C8 /* IconItemRow.swift in Sources */ = {isa = PBXBuildFile; fileRef = B5A888462DD730F700A2B5C8 /* IconItemRow.swift */; };
		B5A888492DD731B700A2B5C8 /* CarouselView.swift in Sources */ = {isa = PBXBuildFile; fileRef = B5A888482DD731B700A2B5C8 /* CarouselView.swift */; };
		B5A8884D2DD734CC00A2B5C8 /* IconItemSwitchRow.swift in Sources */ = {isa = PBXBuildFile; fileRef = B5A8884C2DD734CC00A2B5C8 /* IconItemSwitchRow.swift */; };
		B5A8884F2DD7356D00A2B5C8 /* ItemRow.swift in Sources */ = {isa = PBXBuildFile; fileRef = B5A8884E2DD7356D00A2B5C8 /* ItemRow.swift */; };
		B5A888512DD7369E00A2B5C8 /* SubscriptionHomeRow.swift in Sources */ = {isa = PBXBuildFile; fileRef = B5A888502DD7369E00A2B5C8 /* SubscriptionHomeRow.swift */; };
		B5A888542DD73D7300A2B5C8 /* AddSubscriptionView.swift in Sources */ = {isa = PBXBuildFile; fileRef = B5A888532DD73D7300A2B5C8 /* AddSubscriptionView.swift */; };
		B5A888582DD740D100A2B5C8 /* SubscriptionInfoView.swift in Sources */ = {isa = PBXBuildFile; fileRef = B5A888572DD740D100A2B5C8 /* SubscriptionInfoView.swift */; };
		B5A8885A2DD7448B00A2B5C8 /* UIStateModel.swift in Sources */ = {isa = PBXBuildFile; fileRef = B5A888592DD7448A00A2B5C8 /* UIStateModel.swift */; };
		B5C522942DE05E5D00D78996 /* Supabase.swift in Sources */ = {isa = PBXBuildFile; fileRef = B5C522932DE05E5D00D78996 /* Supabase.swift */; };
		B5C522982DE05FBE00D78996 /* ProfileView.swift in Sources */ = {isa = PBXBuildFile; fileRef = B5C522972DE05FBE00D78996 /* ProfileView.swift */; };
		B5C5229A2DE062A400D78996 /* SupabaseModels.swift in Sources */ = {isa = PBXBuildFile; fileRef = B5C522992DE062A400D78996 /* SupabaseModels.swift */; };
		B5C5229C2DE066F700D78996 /* AppView.swift in Sources */ = {isa = PBXBuildFile; fileRef = B5C5229B2DE066F700D78996 /* AppView.swift */; };
		B5FBDD542DD57FC100AAAA10 /* TrackmeApp.swift in Sources */ = {isa = PBXBuildFile; fileRef = B5FBDD532DD57FC100AAAA10 /* TrackmeApp.swift */; };
		B5FBDD562DD57FC100AAAA10 /* ContentView.swift in Sources */ = {isa = PBXBuildFile; fileRef = B5FBDD552DD57FC100AAAA10 /* ContentView.swift */; };
		B5FBDD582DD57FC200AAAA10 /* Assets.xcassets in Resources */ = {isa = PBXBuildFile; fileRef = B5FBDD572DD57FC200AAAA10 /* Assets.xcassets */; };
		B5FBDD5B2DD57FC200AAAA10 /* Preview Assets.xcassets in Resources */ = {isa = PBXBuildFile; fileRef = B5FBDD5A2DD57FC200AAAA10 /* Preview Assets.xcassets */; };
		B5FBDD652DD57FC200AAAA10 /* TrackmeTests.swift in Sources */ = {isa = PBXBuildFile; fileRef = B5FBDD642DD57FC200AAAA10 /* TrackmeTests.swift */; };
		B5FBDD6F2DD57FC200AAAA10 /* TrackmeUITests.swift in Sources */ = {isa = PBXBuildFile; fileRef = B5FBDD6E2DD57FC200AAAA10 /* TrackmeUITests.swift */; };
		B5FBDD712DD57FC200AAAA10 /* TrackmeUITestsLaunchTests.swift in Sources */ = {isa = PBXBuildFile; fileRef = B5FBDD702DD57FC200AAAA10 /* TrackmeUITestsLaunchTests.swift */; };
		B5FBDD892DD581F200AAAA10 /* UIExtension.swift in Sources */ = {isa = PBXBuildFile; fileRef = B5FBDD882DD581F200AAAA10 /* UIExtension.swift */; };
		B5FBDD8B2DD584B500AAAA10 /* WelcomeView.swift in Sources */ = {isa = PBXBuildFile; fileRef = B5FBDD8A2DD584B500AAAA10 /* WelcomeView.swift */; };
		B5FBDD8E2DD58B8100AAAA10 /* PrimaryButton.swift in Sources */ = {isa = PBXBuildFile; fileRef = B5FBDD8D2DD58B8100AAAA10 /* PrimaryButton.swift */; };
		B5FBDD902DD58D0B00AAAA10 /* SecondaryButton.swift in Sources */ = {isa = PBXBuildFile; fileRef = B5FBDD8F2DD58D0B00AAAA10 /* SecondaryButton.swift */; };
		B5FBDD922DD58DCD00AAAA10 /* SocialSignupView.swift in Sources */ = {isa = PBXBuildFile; fileRef = B5FBDD912DD58DCD00AAAA10 /* SocialSignupView.swift */; };
		B5FBDD942DD5927B00AAAA10 /* SignupView.swift in Sources */ = {isa = PBXBuildFile; fileRef = B5FBDD932DD5927B00AAAA10 /* SignupView.swift */; };
		B5FBDD962DD5930700AAAA10 /* RoundTextField.swift in Sources */ = {isa = PBXBuildFile; fileRef = B5FBDD952DD5930700AAAA10 /* RoundTextField.swift */; };
		B5FBDD982DD5977200AAAA10 /* SignInView.swift in Sources */ = {isa = PBXBuildFile; fileRef = B5FBDD972DD5977200AAAA10 /* SignInView.swift */; };
		B5FBDD9D2DD59E2B00AAAA10 /* AuthView.swift in Sources */ = {isa = PBXBuildFile; fileRef = B5FBDD9C2DD59E2B00AAAA10 /* AuthView.swift */; };
		B5FBDD9F2DD5A8F600AAAA10 /* Auth in Frameworks */ = {isa = PBXBuildFile; productRef = B5FBDD9E2DD5A8F600AAAA10 /* Auth */; };
		B5FBDDA12DD5A8F600AAAA10 /* Functions in Frameworks */ = {isa = PBXBuildFile; productRef = B5FBDDA02DD5A8F600AAAA10 /* Functions */; };
		B5FBDDA32DD5A8F600AAAA10 /* PostgREST in Frameworks */ = {isa = PBXBuildFile; productRef = B5FBDDA22DD5A8F600AAAA10 /* PostgREST */; };
		B5FBDDA52DD5A8F600AAAA10 /* Realtime in Frameworks */ = {isa = PBXBuildFile; productRef = B5FBDDA42DD5A8F600AAAA10 /* Realtime */; };
		B5FBDDA72DD5A8F600AAAA10 /* Storage in Frameworks */ = {isa = PBXBuildFile; productRef = B5FBDDA62DD5A8F600AAAA10 /* Storage */; };
		B5FBDDA92DD5A95400AAAA10 /* HomeView.swift in Sources */ = {isa = PBXBuildFile; fileRef = B5FBDDA82DD5A95400AAAA10 /* HomeView.swift */; };
		B5FBDDAB2DD5A9B900AAAA10 /* SubscriptionModel.swift in Sources */ = {isa = PBXBuildFile; fileRef = B5FBDDAA2DD5A9B900AAAA10 /* SubscriptionModel.swift */; };
		B5FBDDAD2DD5AB1600AAAA10 /* ArcShape.swift in Sources */ = {isa = PBXBuildFile; fileRef = B5FBDDAC2DD5AB1600AAAA10 /* ArcShape.swift */; };
		B5FBDDAF2DD5AEA300AAAA10 /* StatusButton.swift in Sources */ = {isa = PBXBuildFile; fileRef = B5FBDDAE2DD5AEA300AAAA10 /* StatusButton.swift */; };
		B5FBDDB12DD5B09700AAAA10 /* SegmentButton.swift in Sources */ = {isa = PBXBuildFile; fileRef = B5FBDDB02DD5B09700AAAA10 /* SegmentButton.swift */; };
		B5FBDDB32DD5B22000AAAA10 /* UpcomingBillRow.swift in Sources */ = {isa = PBXBuildFile; fileRef = B5FBDDB22DD5B22000AAAA10 /* UpcomingBillRow.swift */; };
		B5FBDDB62DD5B71700AAAA10 /* MainTabView.swift in Sources */ = {isa = PBXBuildFile; fileRef = B5FBDDB52DD5B71700AAAA10 /* MainTabView.swift */; };
		B5FBDDB92DD5B77D00AAAA10 /* BudgetsView.swift in Sources */ = {isa = PBXBuildFile; fileRef = B5FBDDB82DD5B77D00AAAA10 /* BudgetsView.swift */; };
		B5FBDDBB2DD5B7B600AAAA10 /* BudgetModel.swift in Sources */ = {isa = PBXBuildFile; fileRef = B5FBDDBA2DD5B7B600AAAA10 /* BudgetModel.swift */; };
/* End PBXBuildFile section */

/* Begin PBXContainerItemProxy section */
		B5FBDD612DD57FC200AAAA10 /* PBXContainerItemProxy */ = {
			isa = PBXContainerItemProxy;
			containerPortal = B5FBDD482DD57FC100AAAA10 /* Project object */;
			proxyType = 1;
			remoteGlobalIDString = B5FBDD4F2DD57FC100AAAA10;
			remoteInfo = Trackme;
		};
		B5FBDD6B2DD57FC200AAAA10 /* PBXContainerItemProxy */ = {
			isa = PBXContainerItemProxy;
			containerPortal = B5FBDD482DD57FC100AAAA10 /* Project object */;
			proxyType = 1;
			remoteGlobalIDString = B5FBDD4F2DD57FC100AAAA10;
			remoteInfo = Trackme;
		};
/* End PBXContainerItemProxy section */

/* Begin PBXFileReference section */
		B5A3E93A2DE09B950035FC5A /* BottomTabBar.swift */ = {isa = PBXFileReference; lastKnownFileType = sourcecode.swift; path = BottomTabBar.swift; sourceTree = "<group>"; };
		B5A3E93C2DE09E2A0035FC5A /* CustomTextField.swift */ = {isa = PBXFileReference; lastKnownFileType = sourcecode.swift; path = CustomTextField.swift; sourceTree = "<group>"; };
		B5A3E93F2DE0A30B0035FC5A /* IncomeIndex.swift */ = {isa = PBXFileReference; lastKnownFileType = sourcecode.swift; path = IncomeIndex.swift; sourceTree = "<group>"; };
		B5A3E9412DE0A9C20035FC5A /* AddIncomeBucket.swift */ = {isa = PBXFileReference; lastKnownFileType = sourcecode.swift; path = AddIncomeBucket.swift; sourceTree = "<group>"; };
		B5A8880C2DD6D7E600A2B5C8 /* ArcModel.swift */ = {isa = PBXFileReference; lastKnownFileType = sourcecode.swift; path = ArcModel.swift; sourceTree = "<group>"; };
		B5A8880E2DD6DA5600A2B5C8 /* BudgetRow.swift */ = {isa = PBXFileReference; lastKnownFileType = sourcecode.swift; path = BudgetRow.swift; sourceTree = "<group>"; };
		B5A888112DD6DC2D00A2B5C8 /* CalendarView.swift */ = {isa = PBXFileReference; lastKnownFileType = sourcecode.swift; path = CalendarView.swift; sourceTree = "<group>"; };
		B5A888132DD6DC6300A2B5C8 /* WeekStore.swift */ = {isa = PBXFileReference; lastKnownFileType = sourcecode.swift; path = WeekStore.swift; sourceTree = "<group>"; };
		B5A888192DD6DDCE00A2B5C8 /* TimeDirection.swift */ = {isa = PBXFileReference; lastKnownFileType = sourcecode.swift; path = TimeDirection.swift; sourceTree = "<group>"; };
		B5A8881F2DD6E12200A2B5C8 /* WeekHeaderView.swift */ = {isa = PBXFileReference; lastKnownFileType = sourcecode.swift; path = WeekHeaderView.swift; sourceTree = "<group>"; };
		B5A888212DD6E29500A2B5C8 /* WeekView.swift */ = {isa = PBXFileReference; lastKnownFileType = sourcecode.swift; path = WeekView.swift; sourceTree = "<group>"; };
		B5A888232DD6E42600A2B5C8 /* WeeksTabView.swift */ = {isa = PBXFileReference; lastKnownFileType = sourcecode.swift; path = WeeksTabView.swift; sourceTree = "<group>"; };
		B5A888252DD6E44D00A2B5C8 /* InfiniteWeekView.swift */ = {isa = PBXFileReference; lastKnownFileType = sourcecode.swift; path = InfiniteWeekView.swift; sourceTree = "<group>"; };
		B5A888282DD6E47800A2B5C8 /* CardStack.swift */ = {isa = PBXFileReference; lastKnownFileType = sourcecode.swift; path = CardStack.swift; sourceTree = "<group>"; };
		B5A8882B2DD6E49C00A2B5C8 /* Week.swift */ = {isa = PBXFileReference; lastKnownFileType = sourcecode.swift; path = Week.swift; sourceTree = "<group>"; };
		B5A8882E2DD6E4E800A2B5C8 /* Color+Extension.swift */ = {isa = PBXFileReference; lastKnownFileType = sourcecode.swift; path = "Color+Extension.swift"; sourceTree = "<group>"; };
		B5A888302DD6E51C00A2B5C8 /* Date+Extension.swift */ = {isa = PBXFileReference; lastKnownFileType = sourcecode.swift; path = "Date+Extension.swift"; sourceTree = "<group>"; };
		B5A888322DD6E67A00A2B5C8 /* View+Extension.swift */ = {isa = PBXFileReference; lastKnownFileType = sourcecode.swift; path = "View+Extension.swift"; sourceTree = "<group>"; };
		B5A888352DD6E6BE00A2B5C8 /* CornerRadiusShape.swift */ = {isa = PBXFileReference; lastKnownFileType = sourcecode.swift; path = CornerRadiusShape.swift; sourceTree = "<group>"; };
		B5A888382DD6E71000A2B5C8 /* CornerRadiusStyle.swift */ = {isa = PBXFileReference; lastKnownFileType = sourcecode.swift; path = CornerRadiusStyle.swift; sourceTree = "<group>"; };
		B5A8883A2DD6E92700A2B5C8 /* CreditCardModel.swift */ = {isa = PBXFileReference; lastKnownFileType = sourcecode.swift; path = CreditCardModel.swift; sourceTree = "<group>"; };
		B5A8883C2DD6EBEE00A2B5C8 /* SubscriptionCell.swift */ = {isa = PBXFileReference; lastKnownFileType = sourcecode.swift; path = SubscriptionCell.swift; sourceTree = "<group>"; };
		B5A888412DD726E200A2B5C8 /* CardsView.swift */ = {isa = PBXFileReference; lastKnownFileType = sourcecode.swift; path = CardsView.swift; sourceTree = "<group>"; };
		B5A888442DD72FC000A2B5C8 /* SettingsView.swift */ = {isa = PBXFileReference; lastKnownFileType = sourcecode.swift; path = SettingsView.swift; sourceTree = "<group>"; };
		B5A888462DD730F700A2B5C8 /* IconItemRow.swift */ = {isa = PBXFileReference; lastKnownFileType = sourcecode.swift; path = IconItemRow.swift; sourceTree = "<group>"; };
		B5A888482DD731B700A2B5C8 /* CarouselView.swift */ = {isa = PBXFileReference; lastKnownFileType = sourcecode.swift; path = CarouselView.swift; sourceTree = "<group>"; };
		B5A8884C2DD734CC00A2B5C8 /* IconItemSwitchRow.swift */ = {isa = PBXFileReference; lastKnownFileType = sourcecode.swift; path = IconItemSwitchRow.swift; sourceTree = "<group>"; };
		B5A8884E2DD7356D00A2B5C8 /* ItemRow.swift */ = {isa = PBXFileReference; lastKnownFileType = sourcecode.swift; path = ItemRow.swift; sourceTree = "<group>"; };
		B5A888502DD7369E00A2B5C8 /* SubscriptionHomeRow.swift */ = {isa = PBXFileReference; lastKnownFileType = sourcecode.swift; path = SubscriptionHomeRow.swift; sourceTree = "<group>"; };
		B5A888532DD73D7300A2B5C8 /* AddSubscriptionView.swift */ = {isa = PBXFileReference; lastKnownFileType = sourcecode.swift; path = AddSubscriptionView.swift; sourceTree = "<group>"; };
		B5A888572DD740D100A2B5C8 /* SubscriptionInfoView.swift */ = {isa = PBXFileReference; lastKnownFileType = sourcecode.swift; path = SubscriptionInfoView.swift; sourceTree = "<group>"; };
		B5A888592DD7448A00A2B5C8 /* UIStateModel.swift */ = {isa = PBXFileReference; lastKnownFileType = sourcecode.swift; path = UIStateModel.swift; sourceTree = "<group>"; };
		B5C522932DE05E5D00D78996 /* Supabase.swift */ = {isa = PBXFileReference; lastKnownFileType = sourcecode.swift; path = Supabase.swift; sourceTree = "<group>"; };
		B5C522972DE05FBE00D78996 /* ProfileView.swift */ = {isa = PBXFileReference; lastKnownFileType = sourcecode.swift; path = ProfileView.swift; sourceTree = "<group>"; };
		B5C522992DE062A400D78996 /* SupabaseModels.swift */ = {isa = PBXFileReference; lastKnownFileType = sourcecode.swift; path = SupabaseModels.swift; sourceTree = "<group>"; };
		B5C5229B2DE066F700D78996 /* AppView.swift */ = {isa = PBXFileReference; lastKnownFileType = sourcecode.swift; path = AppView.swift; sourceTree = "<group>"; };
		B5FBDD502DD57FC100AAAA10 /* Trackme.app */ = {isa = PBXFileReference; explicitFileType = wrapper.application; includeInIndex = 0; path = Trackme.app; sourceTree = BUILT_PRODUCTS_DIR; };
		B5FBDD532DD57FC100AAAA10 /* TrackmeApp.swift */ = {isa = PBXFileReference; lastKnownFileType = sourcecode.swift; path = TrackmeApp.swift; sourceTree = "<group>"; };
		B5FBDD552DD57FC100AAAA10 /* ContentView.swift */ = {isa = PBXFileReference; lastKnownFileType = sourcecode.swift; path = ContentView.swift; sourceTree = "<group>"; };
		B5FBDD572DD57FC200AAAA10 /* Assets.xcassets */ = {isa = PBXFileReference; lastKnownFileType = folder.assetcatalog; path = Assets.xcassets; sourceTree = "<group>"; };
		B5FBDD5A2DD57FC200AAAA10 /* Preview Assets.xcassets */ = {isa = PBXFileReference; lastKnownFileType = folder.assetcatalog; path = "Preview Assets.xcassets"; sourceTree = "<group>"; };
		B5FBDD602DD57FC200AAAA10 /* TrackmeTests.xctest */ = {isa = PBXFileReference; explicitFileType = wrapper.cfbundle; includeInIndex = 0; path = TrackmeTests.xctest; sourceTree = BUILT_PRODUCTS_DIR; };
		B5FBDD642DD57FC200AAAA10 /* TrackmeTests.swift */ = {isa = PBXFileReference; lastKnownFileType = sourcecode.swift; path = TrackmeTests.swift; sourceTree = "<group>"; };
		B5FBDD6A2DD57FC200AAAA10 /* TrackmeUITests.xctest */ = {isa = PBXFileReference; explicitFileType = wrapper.cfbundle; includeInIndex = 0; path = TrackmeUITests.xctest; sourceTree = BUILT_PRODUCTS_DIR; };
		B5FBDD6E2DD57FC200AAAA10 /* TrackmeUITests.swift */ = {isa = PBXFileReference; lastKnownFileType = sourcecode.swift; path = TrackmeUITests.swift; sourceTree = "<group>"; };
		B5FBDD702DD57FC200AAAA10 /* TrackmeUITestsLaunchTests.swift */ = {isa = PBXFileReference; lastKnownFileType = sourcecode.swift; path = TrackmeUITestsLaunchTests.swift; sourceTree = "<group>"; };
		B5FBDD882DD581F200AAAA10 /* UIExtension.swift */ = {isa = PBXFileReference; lastKnownFileType = sourcecode.swift; path = UIExtension.swift; sourceTree = "<group>"; };
		B5FBDD8A2DD584B500AAAA10 /* WelcomeView.swift */ = {isa = PBXFileReference; lastKnownFileType = sourcecode.swift; path = WelcomeView.swift; sourceTree = "<group>"; };
		B5FBDD8D2DD58B8100AAAA10 /* PrimaryButton.swift */ = {isa = PBXFileReference; lastKnownFileType = sourcecode.swift; path = PrimaryButton.swift; sourceTree = "<group>"; };
		B5FBDD8F2DD58D0B00AAAA10 /* SecondaryButton.swift */ = {isa = PBXFileReference; lastKnownFileType = sourcecode.swift; path = SecondaryButton.swift; sourceTree = "<group>"; };
		B5FBDD912DD58DCD00AAAA10 /* SocialSignupView.swift */ = {isa = PBXFileReference; lastKnownFileType = sourcecode.swift; path = SocialSignupView.swift; sourceTree = "<group>"; };
		B5FBDD932DD5927B00AAAA10 /* SignupView.swift */ = {isa = PBXFileReference; lastKnownFileType = sourcecode.swift; path = SignupView.swift; sourceTree = "<group>"; };
		B5FBDD952DD5930700AAAA10 /* RoundTextField.swift */ = {isa = PBXFileReference; lastKnownFileType = sourcecode.swift; path = RoundTextField.swift; sourceTree = "<group>"; };
		B5FBDD972DD5977200AAAA10 /* SignInView.swift */ = {isa = PBXFileReference; lastKnownFileType = sourcecode.swift; path = SignInView.swift; sourceTree = "<group>"; };
		B5FBDD9C2DD59E2B00AAAA10 /* AuthView.swift */ = {isa = PBXFileReference; lastKnownFileType = sourcecode.swift; path = AuthView.swift; sourceTree = "<group>"; };
		B5FBDDA82DD5A95400AAAA10 /* HomeView.swift */ = {isa = PBXFileReference; lastKnownFileType = sourcecode.swift; path = HomeView.swift; sourceTree = "<group>"; };
		B5FBDDAA2DD5A9B900AAAA10 /* SubscriptionModel.swift */ = {isa = PBXFileReference; lastKnownFileType = sourcecode.swift; path = SubscriptionModel.swift; sourceTree = "<group>"; };
		B5FBDDAC2DD5AB1600AAAA10 /* ArcShape.swift */ = {isa = PBXFileReference; lastKnownFileType = sourcecode.swift; path = ArcShape.swift; sourceTree = "<group>"; };
		B5FBDDAE2DD5AEA300AAAA10 /* StatusButton.swift */ = {isa = PBXFileReference; lastKnownFileType = sourcecode.swift; path = StatusButton.swift; sourceTree = "<group>"; };
		B5FBDDB02DD5B09700AAAA10 /* SegmentButton.swift */ = {isa = PBXFileReference; lastKnownFileType = sourcecode.swift; path = SegmentButton.swift; sourceTree = "<group>"; };
		B5FBDDB22DD5B22000AAAA10 /* UpcomingBillRow.swift */ = {isa = PBXFileReference; lastKnownFileType = sourcecode.swift; path = UpcomingBillRow.swift; sourceTree = "<group>"; };
		B5FBDDB52DD5B71700AAAA10 /* MainTabView.swift */ = {isa = PBXFileReference; lastKnownFileType = sourcecode.swift; path = MainTabView.swift; sourceTree = "<group>"; };
		B5FBDDB82DD5B77D00AAAA10 /* BudgetsView.swift */ = {isa = PBXFileReference; lastKnownFileType = sourcecode.swift; path = BudgetsView.swift; sourceTree = "<group>"; };
		B5FBDDBA2DD5B7B600AAAA10 /* BudgetModel.swift */ = {isa = PBXFileReference; lastKnownFileType = sourcecode.swift; path = BudgetModel.swift; sourceTree = "<group>"; };
/* End PBXFileReference section */

/* Begin PBXFrameworksBuildPhase section */
		B5FBDD4D2DD57FC100AAAA10 /* Frameworks */ = {
			isa = PBXFrameworksBuildPhase;
			buildActionMask = 2147483647;
			files = (
				B5FBDDA32DD5A8F600AAAA10 /* PostgREST in Frameworks */,
				B5FBDDA12DD5A8F600AAAA10 /* Functions in Frameworks */,
				B5A3E9392DE0754C0035FC5A /* Supabase in Frameworks */,
				B5FBDD9F2DD5A8F600AAAA10 /* Auth in Frameworks */,
				B5FBDDA72DD5A8F600AAAA10 /* Storage in Frameworks */,
				B5FBDDA52DD5A8F600AAAA10 /* Realtime in Frameworks */,
			);
			runOnlyForDeploymentPostprocessing = 0;
		};
		B5FBDD5D2DD57FC200AAAA10 /* Frameworks */ = {
			isa = PBXFrameworksBuildPhase;
			buildActionMask = 2147483647;
			files = (
			);
			runOnlyForDeploymentPostprocessing = 0;
		};
		B5FBDD672DD57FC200AAAA10 /* Frameworks */ = {
			isa = PBXFrameworksBuildPhase;
			buildActionMask = 2147483647;
			files = (
			);
			runOnlyForDeploymentPostprocessing = 0;
		};
/* End PBXFrameworksBuildPhase section */

/* Begin PBXGroup section */
		B5A3E9372DE0754C0035FC5A /* Frameworks */ = {
			isa = PBXGroup;
			children = (
			);
			name = Frameworks;
			sourceTree = "<group>";
		};
		B5A3E93E2DE0A3010035FC5A /* Buckets */ = {
			isa = PBXGroup;
			children = (
				B5A3E93F2DE0A30B0035FC5A /* IncomeIndex.swift */,
				B5A3E9412DE0A9C20035FC5A /* AddIncomeBucket.swift */,
			);
			path = Buckets;
			sourceTree = "<group>";
		};
		B5A888102DD6DC2400A2B5C8 /* Calendar */ = {
			isa = PBXGroup;
			children = (
				B5A888112DD6DC2D00A2B5C8 /* CalendarView.swift */,
			);
			path = Calendar;
			sourceTree = "<group>";
		};
		B5A888152DD6DDB000A2B5C8 /* 3rdParty */ = {
			isa = PBXGroup;
			children = (
				B5A888272DD6E46C00A2B5C8 /* CardStack */,
				B5A888162DD6DDB800A2B5C8 /* InfiniteWeekView */,
			);
			path = 3rdParty;
			sourceTree = "<group>";
		};
		B5A888162DD6DDB800A2B5C8 /* InfiniteWeekView */ = {
			isa = PBXGroup;
			children = (
				B5A8882A2DD6E49400A2B5C8 /* Models */,
				B5A8881D2DD6E11500A2B5C8 /* Views */,
				B5A888172DD6DDBF00A2B5C8 /* Utils */,
			);
			path = InfiniteWeekView;
			sourceTree = "<group>";
		};
		B5A888172DD6DDBF00A2B5C8 /* Utils */ = {
			isa = PBXGroup;
			children = (
				B5A888372DD6E70400A2B5C8 /* ViewModifier */,
				B5A888342DD6E6B400A2B5C8 /* Shapes */,
				B5A8882D2DD6E4DC00A2B5C8 /* Extensions */,
				B5A888182DD6DDC500A2B5C8 /* Enums */,
			);
			path = Utils;
			sourceTree = "<group>";
		};
		B5A888182DD6DDC500A2B5C8 /* Enums */ = {
			isa = PBXGroup;
			children = (
				B5A888192DD6DDCE00A2B5C8 /* TimeDirection.swift */,
			);
			path = Enums;
			sourceTree = "<group>";
		};
		B5A8881D2DD6E11500A2B5C8 /* Views */ = {
			isa = PBXGroup;
			children = (
				B5A8881E2DD6E11900A2B5C8 /* Week */,
				B5A888252DD6E44D00A2B5C8 /* InfiniteWeekView.swift */,
			);
			path = Views;
			sourceTree = "<group>";
		};
		B5A8881E2DD6E11900A2B5C8 /* Week */ = {
			isa = PBXGroup;
			children = (
				B5A8881F2DD6E12200A2B5C8 /* WeekHeaderView.swift */,
				B5A888212DD6E29500A2B5C8 /* WeekView.swift */,
				B5A888232DD6E42600A2B5C8 /* WeeksTabView.swift */,
			);
			path = Week;
			sourceTree = "<group>";
		};
		B5A888272DD6E46C00A2B5C8 /* CardStack */ = {
			isa = PBXGroup;
			children = (
				B5A888282DD6E47800A2B5C8 /* CardStack.swift */,
			);
			path = CardStack;
			sourceTree = "<group>";
		};
		B5A8882A2DD6E49400A2B5C8 /* Models */ = {
			isa = PBXGroup;
			children = (
				B5A888132DD6DC6300A2B5C8 /* WeekStore.swift */,
				B5A8882B2DD6E49C00A2B5C8 /* Week.swift */,
			);
			path = Models;
			sourceTree = "<group>";
		};
		B5A8882D2DD6E4DC00A2B5C8 /* Extensions */ = {
			isa = PBXGroup;
			children = (
				B5A8882E2DD6E4E800A2B5C8 /* Color+Extension.swift */,
				B5A888302DD6E51C00A2B5C8 /* Date+Extension.swift */,
				B5A888322DD6E67A00A2B5C8 /* View+Extension.swift */,
			);
			path = Extensions;
			sourceTree = "<group>";
		};
		B5A888342DD6E6B400A2B5C8 /* Shapes */ = {
			isa = PBXGroup;
			children = (
				B5A888352DD6E6BE00A2B5C8 /* CornerRadiusShape.swift */,
			);
			path = Shapes;
			sourceTree = "<group>";
		};
		B5A888372DD6E70400A2B5C8 /* ViewModifier */ = {
			isa = PBXGroup;
			children = (
				B5A888382DD6E71000A2B5C8 /* CornerRadiusStyle.swift */,
			);
			path = ViewModifier;
			sourceTree = "<group>";
		};
		B5A8883E2DD726D100A2B5C8 /* Card */ = {
			isa = PBXGroup;
			children = (
				B5A888412DD726E200A2B5C8 /* CardsView.swift */,
			);
			path = Card;
			sourceTree = "<group>";
		};
		B5A888432DD72FB600A2B5C8 /* Settings */ = {
			isa = PBXGroup;
			children = (
				B5A888442DD72FC000A2B5C8 /* SettingsView.swift */,
			);
			path = Settings;
			sourceTree = "<group>";
		};
		B5A888522DD73D6500A2B5C8 /* Add */ = {
			isa = PBXGroup;
			children = (
				B5A888532DD73D7300A2B5C8 /* AddSubscriptionView.swift */,
			);
			path = Add;
			sourceTree = "<group>";
		};
		B5A888562DD740C200A2B5C8 /* SubscriptionInfo */ = {
			isa = PBXGroup;
			children = (
				B5A888572DD740D100A2B5C8 /* SubscriptionInfoView.swift */,
			);
			path = SubscriptionInfo;
			sourceTree = "<group>";
		};
		B5FBDD472DD57FC100AAAA10 = {
			isa = PBXGroup;
			children = (
				B5FBDD522DD57FC100AAAA10 /* Trackme */,
				B5FBDD632DD57FC200AAAA10 /* TrackmeTests */,
				B5FBDD6D2DD57FC200AAAA10 /* TrackmeUITests */,
				B5FBDD512DD57FC100AAAA10 /* Products */,
				B5A3E9372DE0754C0035FC5A /* Frameworks */,
			);
			sourceTree = "<group>";
		};
		B5FBDD512DD57FC100AAAA10 /* Products */ = {
			isa = PBXGroup;
			children = (
				B5FBDD502DD57FC100AAAA10 /* Trackme.app */,
				B5FBDD602DD57FC200AAAA10 /* TrackmeTests.xctest */,
				B5FBDD6A2DD57FC200AAAA10 /* TrackmeUITests.xctest */,
			);
			name = Products;
			sourceTree = "<group>";
		};
		B5FBDD522DD57FC100AAAA10 /* Trackme */ = {
			isa = PBXGroup;
			children = (
				B5A888152DD6DDB000A2B5C8 /* 3rdParty */,
				B5FBDD872DD5806E00AAAA10 /* Model */,
				B5FBDD822DD5803100AAAA10 /* UICommon */,
				B5FBDD812DD5802C00AAAA10 /* Common */,
				B5FBDD7F2DD5800900AAAA10 /* ViewModel */,
				B5FBDD7E2DD5800000AAAA10 /* View */,
				B5FBDD7D2DD57FE800AAAA10 /* Font */,
				B5FBDD532DD57FC100AAAA10 /* TrackmeApp.swift */,
				B5FBDD552DD57FC100AAAA10 /* ContentView.swift */,
				B5FBDD572DD57FC200AAAA10 /* Assets.xcassets */,
				B5FBDD592DD57FC200AAAA10 /* Preview Content */,
				B5C522932DE05E5D00D78996 /* Supabase.swift */,
			);
			path = Trackme;
			sourceTree = "<group>";
		};
		B5FBDD592DD57FC200AAAA10 /* Preview Content */ = {
			isa = PBXGroup;
			children = (
				B5FBDD5A2DD57FC200AAAA10 /* Preview Assets.xcassets */,
			);
			path = "Preview Content";
			sourceTree = "<group>";
		};
		B5FBDD632DD57FC200AAAA10 /* TrackmeTests */ = {
			isa = PBXGroup;
			children = (
				B5FBDD642DD57FC200AAAA10 /* TrackmeTests.swift */,
			);
			path = TrackmeTests;
			sourceTree = "<group>";
		};
		B5FBDD6D2DD57FC200AAAA10 /* TrackmeUITests */ = {
			isa = PBXGroup;
			children = (
				B5FBDD6E2DD57FC200AAAA10 /* TrackmeUITests.swift */,
				B5FBDD702DD57FC200AAAA10 /* TrackmeUITestsLaunchTests.swift */,
			);
			path = TrackmeUITests;
			sourceTree = "<group>";
		};
		B5FBDD7D2DD57FE800AAAA10 /* Font */ = {
			isa = PBXGroup;
			children = (
			);
			path = Font;
			sourceTree = "<group>";
		};
		B5FBDD7E2DD5800000AAAA10 /* View */ = {
			isa = PBXGroup;
			children = (
				B5A3E93E2DE0A3010035FC5A /* Buckets */,
				B5A888562DD740C200A2B5C8 /* SubscriptionInfo */,
				B5A888522DD73D6500A2B5C8 /* Add */,
				B5A888432DD72FB600A2B5C8 /* Settings */,
				B5A8883E2DD726D100A2B5C8 /* Card */,
				B5A888102DD6DC2400A2B5C8 /* Calendar */,
				B5FBDDB72DD5B77200AAAA10 /* Budgets */,
				B5FBDDB42DD5B70800AAAA10 /* MainTab */,
				B5FBDD842DD5804300AAAA10 /* Home */,
				B5FBDD832DD5803A00AAAA10 /* Login */,
			);
			path = View;
			sourceTree = "<group>";
		};
		B5FBDD7F2DD5800900AAAA10 /* ViewModel */ = {
			isa = PBXGroup;
			children = (
				B5A888592DD7448A00A2B5C8 /* UIStateModel.swift */,
			);
			path = ViewModel;
			sourceTree = "<group>";
		};
		B5FBDD812DD5802C00AAAA10 /* Common */ = {
			isa = PBXGroup;
			children = (
			);
			path = Common;
			sourceTree = "<group>";
		};
		B5FBDD822DD5803100AAAA10 /* UICommon */ = {
			isa = PBXGroup;
			children = (
				B5FBDD882DD581F200AAAA10 /* UIExtension.swift */,
				B5FBDD8D2DD58B8100AAAA10 /* PrimaryButton.swift */,
				B5FBDD8F2DD58D0B00AAAA10 /* SecondaryButton.swift */,
				B5FBDD952DD5930700AAAA10 /* RoundTextField.swift */,
				B5FBDDAC2DD5AB1600AAAA10 /* ArcShape.swift */,
				B5FBDDAE2DD5AEA300AAAA10 /* StatusButton.swift */,
				B5FBDDB02DD5B09700AAAA10 /* SegmentButton.swift */,
				B5FBDDB22DD5B22000AAAA10 /* UpcomingBillRow.swift */,
				B5A8880E2DD6DA5600A2B5C8 /* BudgetRow.swift */,
				B5A8883C2DD6EBEE00A2B5C8 /* SubscriptionCell.swift */,
				B5A888462DD730F700A2B5C8 /* IconItemRow.swift */,
				B5A888482DD731B700A2B5C8 /* CarouselView.swift */,
				B5A8884C2DD734CC00A2B5C8 /* IconItemSwitchRow.swift */,
				B5A8884E2DD7356D00A2B5C8 /* ItemRow.swift */,
				B5A888502DD7369E00A2B5C8 /* SubscriptionHomeRow.swift */,
				B5A3E93A2DE09B950035FC5A /* BottomTabBar.swift */,
				B5A3E93C2DE09E2A0035FC5A /* CustomTextField.swift */,
			);
			path = UICommon;
			sourceTree = "<group>";
		};
		B5FBDD832DD5803A00AAAA10 /* Login */ = {
			isa = PBXGroup;
			children = (
				B5FBDD8A2DD584B500AAAA10 /* WelcomeView.swift */,
				B5FBDD912DD58DCD00AAAA10 /* SocialSignupView.swift */,
				B5FBDD932DD5927B00AAAA10 /* SignupView.swift */,
				B5FBDD972DD5977200AAAA10 /* SignInView.swift */,
				B5FBDD9C2DD59E2B00AAAA10 /* AuthView.swift */,
				B5C522972DE05FBE00D78996 /* ProfileView.swift */,
			);
			path = Login;
			sourceTree = "<group>";
		};
		B5FBDD842DD5804300AAAA10 /* Home */ = {
			isa = PBXGroup;
			children = (
				B5FBDDA82DD5A95400AAAA10 /* HomeView.swift */,
				B5C5229B2DE066F700D78996 /* AppView.swift */,
			);
			path = Home;
			sourceTree = "<group>";
		};
		B5FBDD872DD5806E00AAAA10 /* Model */ = {
			isa = PBXGroup;
			children = (
				B5FBDDAA2DD5A9B900AAAA10 /* SubscriptionModel.swift */,
				B5FBDDBA2DD5B7B600AAAA10 /* BudgetModel.swift */,
				B5A8880C2DD6D7E600A2B5C8 /* ArcModel.swift */,
				B5A8883A2DD6E92700A2B5C8 /* CreditCardModel.swift */,
				B5C522992DE062A400D78996 /* SupabaseModels.swift */,
			);
			path = Model;
			sourceTree = "<group>";
		};
		B5FBDDB42DD5B70800AAAA10 /* MainTab */ = {
			isa = PBXGroup;
			children = (
				B5FBDDB52DD5B71700AAAA10 /* MainTabView.swift */,
			);
			path = MainTab;
			sourceTree = "<group>";
		};
		B5FBDDB72DD5B77200AAAA10 /* Budgets */ = {
			isa = PBXGroup;
			children = (
				B5FBDDB82DD5B77D00AAAA10 /* BudgetsView.swift */,
			);
			path = Budgets;
			sourceTree = "<group>";
		};
/* End PBXGroup section */

/* Begin PBXNativeTarget section */
		B5FBDD4F2DD57FC100AAAA10 /* Trackme */ = {
			isa = PBXNativeTarget;
			buildConfigurationList = B5FBDD742DD57FC200AAAA10 /* Build configuration list for PBXNativeTarget "Trackme" */;
			buildPhases = (
				B5FBDD4C2DD57FC100AAAA10 /* Sources */,
				B5FBDD4D2DD57FC100AAAA10 /* Frameworks */,
				B5FBDD4E2DD57FC100AAAA10 /* Resources */,
			);
			buildRules = (
			);
			dependencies = (
				B5C522962DE05EB200D78996 /* PBXTargetDependency */,
			);
			name = Trackme;
			packageProductDependencies = (
				B5FBDD9E2DD5A8F600AAAA10 /* Auth */,
				B5FBDDA02DD5A8F600AAAA10 /* Functions */,
				B5FBDDA22DD5A8F600AAAA10 /* PostgREST */,
				B5FBDDA42DD5A8F600AAAA10 /* Realtime */,
				B5FBDDA62DD5A8F600AAAA10 /* Storage */,
				B5A3E9382DE0754C0035FC5A /* Supabase */,
			);
			productName = Trackme;
			productReference = B5FBDD502DD57FC100AAAA10 /* Trackme.app */;
			productType = "com.apple.product-type.application";
		};
		B5FBDD5F2DD57FC200AAAA10 /* TrackmeTests */ = {
			isa = PBXNativeTarget;
			buildConfigurationList = B5FBDD772DD57FC200AAAA10 /* Build configuration list for PBXNativeTarget "TrackmeTests" */;
			buildPhases = (
				B5FBDD5C2DD57FC200AAAA10 /* Sources */,
				B5FBDD5D2DD57FC200AAAA10 /* Frameworks */,
				B5FBDD5E2DD57FC200AAAA10 /* Resources */,
			);
			buildRules = (
			);
			dependencies = (
				B5FBDD622DD57FC200AAAA10 /* PBXTargetDependency */,
			);
			name = TrackmeTests;
			productName = TrackmeTests;
			productReference = B5FBDD602DD57FC200AAAA10 /* TrackmeTests.xctest */;
			productType = "com.apple.product-type.bundle.unit-test";
		};
		B5FBDD692DD57FC200AAAA10 /* TrackmeUITests */ = {
			isa = PBXNativeTarget;
			buildConfigurationList = B5FBDD7A2DD57FC200AAAA10 /* Build configuration list for PBXNativeTarget "TrackmeUITests" */;
			buildPhases = (
				B5FBDD662DD57FC200AAAA10 /* Sources */,
				B5FBDD672DD57FC200AAAA10 /* Frameworks */,
				B5FBDD682DD57FC200AAAA10 /* Resources */,
			);
			buildRules = (
			);
			dependencies = (
				B5FBDD6C2DD57FC200AAAA10 /* PBXTargetDependency */,
			);
			name = TrackmeUITests;
			productName = TrackmeUITests;
			productReference = B5FBDD6A2DD57FC200AAAA10 /* TrackmeUITests.xctest */;
			productType = "com.apple.product-type.bundle.ui-testing";
		};
/* End PBXNativeTarget section */

/* Begin PBXProject section */
		B5FBDD482DD57FC100AAAA10 /* Project object */ = {
			isa = PBXProject;
			attributes = {
				BuildIndependentTargetsInParallel = 1;
				LastSwiftUpdateCheck = 1540;
				LastUpgradeCheck = 1540;
				TargetAttributes = {
					B5FBDD4F2DD57FC100AAAA10 = {
						CreatedOnToolsVersion = 15.4;
					};
					B5FBDD5F2DD57FC200AAAA10 = {
						CreatedOnToolsVersion = 15.4;
						TestTargetID = B5FBDD4F2DD57FC100AAAA10;
					};
					B5FBDD692DD57FC200AAAA10 = {
						CreatedOnToolsVersion = 15.4;
						TestTargetID = B5FBDD4F2DD57FC100AAAA10;
					};
				};
			};
			buildConfigurationList = B5FBDD4B2DD57FC100AAAA10 /* Build configuration list for PBXProject "Trackme" */;
			compatibilityVersion = "Xcode 14.0";
			developmentRegion = en;
			hasScannedForEncodings = 0;
			knownRegions = (
				en,
				Base,
			);
			mainGroup = B5FBDD472DD57FC100AAAA10;
			packageReferences = (
				B5FBDD992DD59D8100AAAA10 /* XCRemoteSwiftPackageReference "supabase-swift" */,
			);
			productRefGroup = B5FBDD512DD57FC100AAAA10 /* Products */;
			projectDirPath = "";
			projectRoot = "";
			targets = (
				B5FBDD4F2DD57FC100AAAA10 /* Trackme */,
				B5FBDD5F2DD57FC200AAAA10 /* TrackmeTests */,
				B5FBDD692DD57FC200AAAA10 /* TrackmeUITests */,
			);
		};
/* End PBXProject section */

/* Begin PBXResourcesBuildPhase section */
		B5FBDD4E2DD57FC100AAAA10 /* Resources */ = {
			isa = PBXResourcesBuildPhase;
			buildActionMask = 2147483647;
			files = (
				B5FBDD5B2DD57FC200AAAA10 /* Preview Assets.xcassets in Resources */,
				B5FBDD582DD57FC200AAAA10 /* Assets.xcassets in Resources */,
			);
			runOnlyForDeploymentPostprocessing = 0;
		};
		B5FBDD5E2DD57FC200AAAA10 /* Resources */ = {
			isa = PBXResourcesBuildPhase;
			buildActionMask = 2147483647;
			files = (
			);
			runOnlyForDeploymentPostprocessing = 0;
		};
		B5FBDD682DD57FC200AAAA10 /* Resources */ = {
			isa = PBXResourcesBuildPhase;
			buildActionMask = 2147483647;
			files = (
			);
			runOnlyForDeploymentPostprocessing = 0;
		};
/* End PBXResourcesBuildPhase section */

/* Begin PBXSourcesBuildPhase section */
		B5FBDD4C2DD57FC100AAAA10 /* Sources */ = {
			isa = PBXSourcesBuildPhase;
			buildActionMask = 2147483647;
			files = (
				B5C5229C2DE066F700D78996 /* AppView.swift in Sources */,
				B5FBDDAB2DD5A9B900AAAA10 /* SubscriptionModel.swift in Sources */,
				B5FBDDAD2DD5AB1600AAAA10 /* ArcShape.swift in Sources */,
				B5A888122DD6DC2D00A2B5C8 /* CalendarView.swift in Sources */,
				B5A8880F2DD6DA5600A2B5C8 /* BudgetRow.swift in Sources */,
				B5FBDD902DD58D0B00AAAA10 /* SecondaryButton.swift in Sources */,
				B5A888452DD72FC000A2B5C8 /* SettingsView.swift in Sources */,
				B5A888492DD731B700A2B5C8 /* CarouselView.swift in Sources */,
				B5A3E9402DE0A30B0035FC5A /* IncomeIndex.swift in Sources */,
				B5A3E93D2DE09E2A0035FC5A /* CustomTextField.swift in Sources */,
				B5A3E9422DE0A9C20035FC5A /* AddIncomeBucket.swift in Sources */,
				B5FBDDBB2DD5B7B600AAAA10 /* BudgetModel.swift in Sources */,
				B5A8884D2DD734CC00A2B5C8 /* IconItemSwitchRow.swift in Sources */,
				B5A8883B2DD6E92700A2B5C8 /* CreditCardModel.swift in Sources */,
				B5A8885A2DD7448B00A2B5C8 /* UIStateModel.swift in Sources */,
				B5A888202DD6E12200A2B5C8 /* WeekHeaderView.swift in Sources */,
				B5A8880D2DD6D7E600A2B5C8 /* ArcModel.swift in Sources */,
				B5FBDDB12DD5B09700AAAA10 /* SegmentButton.swift in Sources */,
				B5C5229A2DE062A400D78996 /* SupabaseModels.swift in Sources */,
				B5A888312DD6E51C00A2B5C8 /* Date+Extension.swift in Sources */,
				B5FBDD562DD57FC100AAAA10 /* ContentView.swift in Sources */,
				B5FBDDB62DD5B71700AAAA10 /* MainTabView.swift in Sources */,
				B5A888332DD6E67A00A2B5C8 /* View+Extension.swift in Sources */,
				B5FBDDA92DD5A95400AAAA10 /* HomeView.swift in Sources */,
				B5FBDD9D2DD59E2B00AAAA10 /* AuthView.swift in Sources */,
				B5FBDD892DD581F200AAAA10 /* UIExtension.swift in Sources */,
				B5A888222DD6E29500A2B5C8 /* WeekView.swift in Sources */,
				B5A888262DD6E44D00A2B5C8 /* InfiniteWeekView.swift in Sources */,
				B5A8883D2DD6EBEE00A2B5C8 /* SubscriptionCell.swift in Sources */,
				B5FBDD922DD58DCD00AAAA10 /* SocialSignupView.swift in Sources */,
				B5A8884F2DD7356D00A2B5C8 /* ItemRow.swift in Sources */,
				B5A888392DD6E71000A2B5C8 /* CornerRadiusStyle.swift in Sources */,
				B5FBDD982DD5977200AAAA10 /* SignInView.swift in Sources */,
				B5A3E93B2DE09B950035FC5A /* BottomTabBar.swift in Sources */,
				B5FBDD942DD5927B00AAAA10 /* SignupView.swift in Sources */,
				B5A888542DD73D7300A2B5C8 /* AddSubscriptionView.swift in Sources */,
				B5FBDD8E2DD58B8100AAAA10 /* PrimaryButton.swift in Sources */,
				B5A888242DD6E42600A2B5C8 /* WeeksTabView.swift in Sources */,
				B5C522982DE05FBE00D78996 /* ProfileView.swift in Sources */,
				B5A888422DD726E200A2B5C8 /* CardsView.swift in Sources */,
				B5A888512DD7369E00A2B5C8 /* SubscriptionHomeRow.swift in Sources */,
				B5A8881A2DD6DDCE00A2B5C8 /* TimeDirection.swift in Sources */,
				B5C522942DE05E5D00D78996 /* Supabase.swift in Sources */,
				B5FBDDB32DD5B22000AAAA10 /* UpcomingBillRow.swift in Sources */,
				B5FBDD542DD57FC100AAAA10 /* TrackmeApp.swift in Sources */,
				B5A888472DD730F700A2B5C8 /* IconItemRow.swift in Sources */,
				B5A888292DD6E47800A2B5C8 /* CardStack.swift in Sources */,
				B5FBDDAF2DD5AEA300AAAA10 /* StatusButton.swift in Sources */,
				B5FBDDB92DD5B77D00AAAA10 /* BudgetsView.swift in Sources */,
				B5FBDD962DD5930700AAAA10 /* RoundTextField.swift in Sources */,
				B5A888142DD6DC6300A2B5C8 /* WeekStore.swift in Sources */,
				B5A888362DD6E6BE00A2B5C8 /* CornerRadiusShape.swift in Sources */,
				B5A888582DD740D100A2B5C8 /* SubscriptionInfoView.swift in Sources */,
				B5FBDD8B2DD584B500AAAA10 /* WelcomeView.swift in Sources */,
				B5A8882F2DD6E4E800A2B5C8 /* Color+Extension.swift in Sources */,
				B5A8882C2DD6E49C00A2B5C8 /* Week.swift in Sources */,
			);
			runOnlyForDeploymentPostprocessing = 0;
		};
		B5FBDD5C2DD57FC200AAAA10 /* Sources */ = {
			isa = PBXSourcesBuildPhase;
			buildActionMask = 2147483647;
			files = (
				B5FBDD652DD57FC200AAAA10 /* TrackmeTests.swift in Sources */,
			);
			runOnlyForDeploymentPostprocessing = 0;
		};
		B5FBDD662DD57FC200AAAA10 /* Sources */ = {
			isa = PBXSourcesBuildPhase;
			buildActionMask = 2147483647;
			files = (
				B5FBDD712DD57FC200AAAA10 /* TrackmeUITestsLaunchTests.swift in Sources */,
				B5FBDD6F2DD57FC200AAAA10 /* TrackmeUITests.swift in Sources */,
			);
			runOnlyForDeploymentPostprocessing = 0;
		};
/* End PBXSourcesBuildPhase section */

/* Begin PBXTargetDependency section */
		B5C522962DE05EB200D78996 /* PBXTargetDependency */ = {
			isa = PBXTargetDependency;
			productRef = B5C522952DE05EB200D78996 /* Supabase */;
		};
		B5FBDD622DD57FC200AAAA10 /* PBXTargetDependency */ = {
			isa = PBXTargetDependency;
			target = B5FBDD4F2DD57FC100AAAA10 /* Trackme */;
			targetProxy = B5FBDD612DD57FC200AAAA10 /* PBXContainerItemProxy */;
		};
		B5FBDD6C2DD57FC200AAAA10 /* PBXTargetDependency */ = {
			isa = PBXTargetDependency;
			target = B5FBDD4F2DD57FC100AAAA10 /* Trackme */;
			targetProxy = B5FBDD6B2DD57FC200AAAA10 /* PBXContainerItemProxy */;
		};
/* End PBXTargetDependency section */

/* Begin XCBuildConfiguration section */
		B5FBDD722DD57FC200AAAA10 /* Debug */ = {
			isa = XCBuildConfiguration;
			buildSettings = {
				ALWAYS_SEARCH_USER_PATHS = NO;
				ASSETCATALOG_COMPILER_GENERATE_SWIFT_ASSET_SYMBOL_EXTENSIONS = YES;
				CLANG_ANALYZER_NONNULL = YES;
				CLANG_ANALYZER_NUMBER_OBJECT_CONVERSION = YES_AGGRESSIVE;
				CLANG_CXX_LANGUAGE_STANDARD = "gnu++20";
				CLANG_ENABLE_MODULES = YES;
				CLANG_ENABLE_OBJC_ARC = YES;
				CLANG_ENABLE_OBJC_WEAK = YES;
				CLANG_WARN_BLOCK_CAPTURE_AUTORELEASING = YES;
				CLANG_WARN_BOOL_CONVERSION = YES;
				CLANG_WARN_COMMA = YES;
				CLANG_WARN_CONSTANT_CONVERSION = YES;
				CLANG_WARN_DEPRECATED_OBJC_IMPLEMENTATIONS = YES;
				CLANG_WARN_DIRECT_OBJC_ISA_USAGE = YES_ERROR;
				CLANG_WARN_DOCUMENTATION_COMMENTS = YES;
				CLANG_WARN_EMPTY_BODY = YES;
				CLANG_WARN_ENUM_CONVERSION = YES;
				CLANG_WARN_INFINITE_RECURSION = YES;
				CLANG_WARN_INT_CONVERSION = YES;
				CLANG_WARN_NON_LITERAL_NULL_CONVERSION = YES;
				CLANG_WARN_OBJC_IMPLICIT_RETAIN_SELF = YES;
				CLANG_WARN_OBJC_LITERAL_CONVERSION = YES;
				CLANG_WARN_OBJC_ROOT_CLASS = YES_ERROR;
				CLANG_WARN_QUOTED_INCLUDE_IN_FRAMEWORK_HEADER = YES;
				CLANG_WARN_RANGE_LOOP_ANALYSIS = YES;
				CLANG_WARN_STRICT_PROTOTYPES = YES;
				CLANG_WARN_SUSPICIOUS_MOVE = YES;
				CLANG_WARN_UNGUARDED_AVAILABILITY = YES_AGGRESSIVE;
				CLANG_WARN_UNREACHABLE_CODE = YES;
				CLANG_WARN__DUPLICATE_METHOD_MATCH = YES;
				COPY_PHASE_STRIP = NO;
				DEBUG_INFORMATION_FORMAT = dwarf;
				ENABLE_STRICT_OBJC_MSGSEND = YES;
				ENABLE_TESTABILITY = YES;
				ENABLE_USER_SCRIPT_SANDBOXING = YES;
				GCC_C_LANGUAGE_STANDARD = gnu17;
				GCC_DYNAMIC_NO_PIC = NO;
				GCC_NO_COMMON_BLOCKS = YES;
				GCC_OPTIMIZATION_LEVEL = 0;
				GCC_PREPROCESSOR_DEFINITIONS = (
					"DEBUG=1",
					"$(inherited)",
				);
				GCC_WARN_64_TO_32_BIT_CONVERSION = YES;
				GCC_WARN_ABOUT_RETURN_TYPE = YES_ERROR;
				GCC_WARN_UNDECLARED_SELECTOR = YES;
				GCC_WARN_UNINITIALIZED_AUTOS = YES_AGGRESSIVE;
				GCC_WARN_UNUSED_FUNCTION = YES;
				GCC_WARN_UNUSED_VARIABLE = YES;
				IPHONEOS_DEPLOYMENT_TARGET = 17.5;
				LOCALIZATION_PREFERS_STRING_CATALOGS = YES;
				MTL_ENABLE_DEBUG_INFO = INCLUDE_SOURCE;
				MTL_FAST_MATH = YES;
				ONLY_ACTIVE_ARCH = YES;
				SDKROOT = iphoneos;
				SWIFT_ACTIVE_COMPILATION_CONDITIONS = "DEBUG $(inherited)";
				SWIFT_OPTIMIZATION_LEVEL = "-Onone";
			};
			name = Debug;
		};
		B5FBDD732DD57FC200AAAA10 /* Release */ = {
			isa = XCBuildConfiguration;
			buildSettings = {
				ALWAYS_SEARCH_USER_PATHS = NO;
				ASSETCATALOG_COMPILER_GENERATE_SWIFT_ASSET_SYMBOL_EXTENSIONS = YES;
				CLANG_ANALYZER_NONNULL = YES;
				CLANG_ANALYZER_NUMBER_OBJECT_CONVERSION = YES_AGGRESSIVE;
				CLANG_CXX_LANGUAGE_STANDARD = "gnu++20";
				CLANG_ENABLE_MODULES = YES;
				CLANG_ENABLE_OBJC_ARC = YES;
				CLANG_ENABLE_OBJC_WEAK = YES;
				CLANG_WARN_BLOCK_CAPTURE_AUTORELEASING = YES;
				CLANG_WARN_BOOL_CONVERSION = YES;
				CLANG_WARN_COMMA = YES;
				CLANG_WARN_CONSTANT_CONVERSION = YES;
				CLANG_WARN_DEPRECATED_OBJC_IMPLEMENTATIONS = YES;
				CLANG_WARN_DIRECT_OBJC_ISA_USAGE = YES_ERROR;
				CLANG_WARN_DOCUMENTATION_COMMENTS = YES;
				CLANG_WARN_EMPTY_BODY = YES;
				CLANG_WARN_ENUM_CONVERSION = YES;
				CLANG_WARN_INFINITE_RECURSION = YES;
				CLANG_WARN_INT_CONVERSION = YES;
				CLANG_WARN_NON_LITERAL_NULL_CONVERSION = YES;
				CLANG_WARN_OBJC_IMPLICIT_RETAIN_SELF = YES;
				CLANG_WARN_OBJC_LITERAL_CONVERSION = YES;
				CLANG_WARN_OBJC_ROOT_CLASS = YES_ERROR;
				CLANG_WARN_QUOTED_INCLUDE_IN_FRAMEWORK_HEADER = YES;
				CLANG_WARN_RANGE_LOOP_ANALYSIS = YES;
				CLANG_WARN_STRICT_PROTOTYPES = YES;
				CLANG_WARN_SUSPICIOUS_MOVE = YES;
				CLANG_WARN_UNGUARDED_AVAILABILITY = YES_AGGRESSIVE;
				CLANG_WARN_UNREACHABLE_CODE = YES;
				CLANG_WARN__DUPLICATE_METHOD_MATCH = YES;
				COPY_PHASE_STRIP = NO;
				DEBUG_INFORMATION_FORMAT = "dwarf-with-dsym";
				ENABLE_NS_ASSERTIONS = NO;
				ENABLE_STRICT_OBJC_MSGSEND = YES;
				ENABLE_USER_SCRIPT_SANDBOXING = YES;
				GCC_C_LANGUAGE_STANDARD = gnu17;
				GCC_NO_COMMON_BLOCKS = YES;
				GCC_WARN_64_TO_32_BIT_CONVERSION = YES;
				GCC_WARN_ABOUT_RETURN_TYPE = YES_ERROR;
				GCC_WARN_UNDECLARED_SELECTOR = YES;
				GCC_WARN_UNINITIALIZED_AUTOS = YES_AGGRESSIVE;
				GCC_WARN_UNUSED_FUNCTION = YES;
				GCC_WARN_UNUSED_VARIABLE = YES;
				IPHONEOS_DEPLOYMENT_TARGET = 17.5;
				LOCALIZATION_PREFERS_STRING_CATALOGS = YES;
				MTL_ENABLE_DEBUG_INFO = NO;
				MTL_FAST_MATH = YES;
				SDKROOT = iphoneos;
				SWIFT_COMPILATION_MODE = wholemodule;
				VALIDATE_PRODUCT = YES;
			};
			name = Release;
		};
		B5FBDD752DD57FC200AAAA10 /* Debug */ = {
			isa = XCBuildConfiguration;
			buildSettings = {
				ASSETCATALOG_COMPILER_APPICON_NAME = AppIcon;
				ASSETCATALOG_COMPILER_GLOBAL_ACCENT_COLOR_NAME = AccentColor;
				CODE_SIGN_STYLE = Automatic;
				CURRENT_PROJECT_VERSION = 1;
				DEVELOPMENT_ASSET_PATHS = "\"Trackme/Preview Content\"";
				ENABLE_PREVIEWS = YES;
				GENERATE_INFOPLIST_FILE = YES;
				INFOPLIST_KEY_UIApplicationSceneManifest_Generation = YES;
				INFOPLIST_KEY_UIApplicationSupportsIndirectInputEvents = YES;
				INFOPLIST_KEY_UILaunchScreen_Generation = YES;
				INFOPLIST_KEY_UISupportedInterfaceOrientations_iPad = "UIInterfaceOrientationPortrait UIInterfaceOrientationPortraitUpsideDown UIInterfaceOrientationLandscapeLeft UIInterfaceOrientationLandscapeRight";
				INFOPLIST_KEY_UISupportedInterfaceOrientations_iPhone = "UIInterfaceOrientationPortrait UIInterfaceOrientationLandscapeLeft UIInterfaceOrientationLandscapeRight";
				LD_RUNPATH_SEARCH_PATHS = (
					"$(inherited)",
					"@executable_path/Frameworks",
				);
				MARKETING_VERSION = 1.0;
				PRODUCT_BUNDLE_IDENTIFIER = fromscroobles.Trackme;
				PRODUCT_NAME = "$(TARGET_NAME)";
				SWIFT_EMIT_LOC_STRINGS = YES;
				SWIFT_VERSION = 5.0;
				TARGETED_DEVICE_FAMILY = "1,2";
			};
			name = Debug;
		};
		B5FBDD762DD57FC200AAAA10 /* Release */ = {
			isa = XCBuildConfiguration;
			buildSettings = {
				ASSETCATALOG_COMPILER_APPICON_NAME = AppIcon;
				ASSETCATALOG_COMPILER_GLOBAL_ACCENT_COLOR_NAME = AccentColor;
				CODE_SIGN_STYLE = Automatic;
				CURRENT_PROJECT_VERSION = 1;
				DEVELOPMENT_ASSET_PATHS = "\"Trackme/Preview Content\"";
				ENABLE_PREVIEWS = YES;
				GENERATE_INFOPLIST_FILE = YES;
				INFOPLIST_KEY_UIApplicationSceneManifest_Generation = YES;
				INFOPLIST_KEY_UIApplicationSupportsIndirectInputEvents = YES;
				INFOPLIST_KEY_UILaunchScreen_Generation = YES;
				INFOPLIST_KEY_UISupportedInterfaceOrientations_iPad = "UIInterfaceOrientationPortrait UIInterfaceOrientationPortraitUpsideDown UIInterfaceOrientationLandscapeLeft UIInterfaceOrientationLandscapeRight";
				INFOPLIST_KEY_UISupportedInterfaceOrientations_iPhone = "UIInterfaceOrientationPortrait UIInterfaceOrientationLandscapeLeft UIInterfaceOrientationLandscapeRight";
				LD_RUNPATH_SEARCH_PATHS = (
					"$(inherited)",
					"@executable_path/Frameworks",
				);
				MARKETING_VERSION = 1.0;
				PRODUCT_BUNDLE_IDENTIFIER = fromscroobles.Trackme;
				PRODUCT_NAME = "$(TARGET_NAME)";
				SWIFT_EMIT_LOC_STRINGS = YES;
				SWIFT_VERSION = 5.0;
				TARGETED_DEVICE_FAMILY = "1,2";
			};
			name = Release;
		};
		B5FBDD782DD57FC200AAAA10 /* Debug */ = {
			isa = XCBuildConfiguration;
			buildSettings = {
				ALWAYS_EMBED_SWIFT_STANDARD_LIBRARIES = YES;
				BUNDLE_LOADER = "$(TEST_HOST)";
				CODE_SIGN_STYLE = Automatic;
				CURRENT_PROJECT_VERSION = 1;
				GENERATE_INFOPLIST_FILE = YES;
				IPHONEOS_DEPLOYMENT_TARGET = 17.5;
				MARKETING_VERSION = 1.0;
				PRODUCT_BUNDLE_IDENTIFIER = fromscroobles.TrackmeTests;
				PRODUCT_NAME = "$(TARGET_NAME)";
				SWIFT_EMIT_LOC_STRINGS = NO;
				SWIFT_VERSION = 5.0;
				TARGETED_DEVICE_FAMILY = "1,2";
				TEST_HOST = "$(BUILT_PRODUCTS_DIR)/Trackme.app/$(BUNDLE_EXECUTABLE_FOLDER_PATH)/Trackme";
			};
			name = Debug;
		};
		B5FBDD792DD57FC200AAAA10 /* Release */ = {
			isa = XCBuildConfiguration;
			buildSettings = {
				ALWAYS_EMBED_SWIFT_STANDARD_LIBRARIES = YES;
				BUNDLE_LOADER = "$(TEST_HOST)";
				CODE_SIGN_STYLE = Automatic;
				CURRENT_PROJECT_VERSION = 1;
				GENERATE_INFOPLIST_FILE = YES;
				IPHONEOS_DEPLOYMENT_TARGET = 17.5;
				MARKETING_VERSION = 1.0;
				PRODUCT_BUNDLE_IDENTIFIER = fromscroobles.TrackmeTests;
				PRODUCT_NAME = "$(TARGET_NAME)";
				SWIFT_EMIT_LOC_STRINGS = NO;
				SWIFT_VERSION = 5.0;
				TARGETED_DEVICE_FAMILY = "1,2";
				TEST_HOST = "$(BUILT_PRODUCTS_DIR)/Trackme.app/$(BUNDLE_EXECUTABLE_FOLDER_PATH)/Trackme";
			};
			name = Release;
		};
		B5FBDD7B2DD57FC200AAAA10 /* Debug */ = {
			isa = XCBuildConfiguration;
			buildSettings = {
				ALWAYS_EMBED_SWIFT_STANDARD_LIBRARIES = YES;
				CODE_SIGN_STYLE = Automatic;
				CURRENT_PROJECT_VERSION = 1;
				GENERATE_INFOPLIST_FILE = YES;
				MARKETING_VERSION = 1.0;
				PRODUCT_BUNDLE_IDENTIFIER = fromscroobles.TrackmeUITests;
				PRODUCT_NAME = "$(TARGET_NAME)";
				SWIFT_EMIT_LOC_STRINGS = NO;
				SWIFT_VERSION = 5.0;
				TARGETED_DEVICE_FAMILY = "1,2";
				TEST_TARGET_NAME = Trackme;
			};
			name = Debug;
		};
		B5FBDD7C2DD57FC200AAAA10 /* Release */ = {
			isa = XCBuildConfiguration;
			buildSettings = {
				ALWAYS_EMBED_SWIFT_STANDARD_LIBRARIES = YES;
				CODE_SIGN_STYLE = Automatic;
				CURRENT_PROJECT_VERSION = 1;
				GENERATE_INFOPLIST_FILE = YES;
				MARKETING_VERSION = 1.0;
				PRODUCT_BUNDLE_IDENTIFIER = fromscroobles.TrackmeUITests;
				PRODUCT_NAME = "$(TARGET_NAME)";
				SWIFT_EMIT_LOC_STRINGS = NO;
				SWIFT_VERSION = 5.0;
				TARGETED_DEVICE_FAMILY = "1,2";
				TEST_TARGET_NAME = Trackme;
			};
			name = Release;
		};
/* End XCBuildConfiguration section */

/* Begin XCConfigurationList section */
		B5FBDD4B2DD57FC100AAAA10 /* Build configuration list for PBXProject "Trackme" */ = {
			isa = XCConfigurationList;
			buildConfigurations = (
				B5FBDD722DD57FC200AAAA10 /* Debug */,
				B5FBDD732DD57FC200AAAA10 /* Release */,
			);
			defaultConfigurationIsVisible = 0;
			defaultConfigurationName = Release;
		};
		B5FBDD742DD57FC200AAAA10 /* Build configuration list for PBXNativeTarget "Trackme" */ = {
			isa = XCConfigurationList;
			buildConfigurations = (
				B5FBDD752DD57FC200AAAA10 /* Debug */,
				B5FBDD762DD57FC200AAAA10 /* Release */,
			);
			defaultConfigurationIsVisible = 0;
			defaultConfigurationName = Release;
		};
		B5FBDD772DD57FC200AAAA10 /* Build configuration list for PBXNativeTarget "TrackmeTests" */ = {
			isa = XCConfigurationList;
			buildConfigurations = (
				B5FBDD782DD57FC200AAAA10 /* Debug */,
				B5FBDD792DD57FC200AAAA10 /* Release */,
			);
			defaultConfigurationIsVisible = 0;
			defaultConfigurationName = Release;
		};
		B5FBDD7A2DD57FC200AAAA10 /* Build configuration list for PBXNativeTarget "TrackmeUITests" */ = {
			isa = XCConfigurationList;
			buildConfigurations = (
				B5FBDD7B2DD57FC200AAAA10 /* Debug */,
				B5FBDD7C2DD57FC200AAAA10 /* Release */,
			);
			defaultConfigurationIsVisible = 0;
			defaultConfigurationName = Release;
		};
/* End XCConfigurationList section */

/* Begin XCRemoteSwiftPackageReference section */
		B5FBDD992DD59D8100AAAA10 /* XCRemoteSwiftPackageReference "supabase-swift" */ = {
			isa = XCRemoteSwiftPackageReference;
			repositoryURL = "https://github.com/supabase/supabase-swift";
			requirement = {
				kind = upToNextMajorVersion;
				minimumVersion = 2.5.1;
			};
		};
/* End XCRemoteSwiftPackageReference section */

/* Begin XCSwiftPackageProductDependency section */
		B5A3E9382DE0754C0035FC5A /* Supabase */ = {
			isa = XCSwiftPackageProductDependency;
			package = B5FBDD992DD59D8100AAAA10 /* XCRemoteSwiftPackageReference "supabase-swift" */;
			productName = Supabase;
		};
		B5C522952DE05EB200D78996 /* Supabase */ = {
			isa = XCSwiftPackageProductDependency;
			package = B5FBDD992DD59D8100AAAA10 /* XCRemoteSwiftPackageReference "supabase-swift" */;
			productName = Supabase;
		};
		B5FBDD9E2DD5A8F600AAAA10 /* Auth */ = {
			isa = XCSwiftPackageProductDependency;
			package = B5FBDD992DD59D8100AAAA10 /* XCRemoteSwiftPackageReference "supabase-swift" */;
			productName = Auth;
		};
		B5FBDDA02DD5A8F600AAAA10 /* Functions */ = {
			isa = XCSwiftPackageProductDependency;
			package = B5FBDD992DD59D8100AAAA10 /* XCRemoteSwiftPackageReference "supabase-swift" */;
			productName = Functions;
		};
		B5FBDDA22DD5A8F600AAAA10 /* PostgREST */ = {
			isa = XCSwiftPackageProductDependency;
			package = B5FBDD992DD59D8100AAAA10 /* XCRemoteSwiftPackageReference "supabase-swift" */;
			productName = PostgREST;
		};
		B5FBDDA42DD5A8F600AAAA10 /* Realtime */ = {
			isa = XCSwiftPackageProductDependency;
			package = B5FBDD992DD59D8100AAAA10 /* XCRemoteSwiftPackageReference "supabase-swift" */;
			productName = Realtime;
		};
		B5FBDDA62DD5A8F600AAAA10 /* Storage */ = {
			isa = XCSwiftPackageProductDependency;
			package = B5FBDD992DD59D8100AAAA10 /* XCRemoteSwiftPackageReference "supabase-swift" */;
			productName = Storage;
		};
/* End XCSwiftPackageProductDependency section */
	};
	rootObject = B5FBDD482DD57FC100AAAA10 /* Project object */;
}
